{
  "requires": true,
  "lockfileVersion": 1,
  "dependencies": {
    "jquery": {
      "version": "3.3.1",
      "resolved": "https://registry.npmjs.org/jquery/-/jquery-3.3.1.tgz",
      "integrity": "sha512-Ubldcmxp5np52/ENotGxlLe6aGMvmF4R8S6tZjsP6Knsaxd/xp3Zrh50cG93lR6nPXyUFwzN3ZSOQI0wRJNdGg=="
    },
    "vanilla-router": {
      "version": "1.2.5",
      "resolved": "https://registry.npmjs.org/vanilla-router/-/vanilla-router-1.2.5.tgz",
      "integrity": "sha512-RykZIEw7k4cZqt4CpxLzzO2qmn1wF/natk301KpycVISstyB6Mfyx+9Ykbn/8JZCjwcmXwwN6Gbi4iCYfNkh/A=="
    }
  }
}
